
Microsoft Visual Studio Solution File, Format Version 12.00
# Visual Studio 15
VisualStudioVersion = 15.0.26228.12
MinimumVisualStudioVersion = 10.0.40219.1
Project("{9A19103F-16F7-4668-BE54-9A1E7A4F7556}") = "Tools", "Tools\Tools.csproj", "{EEC54200-5237-4427-9E2E-87EF5D1CC7CE}"
EndProject
Project("{9A19103F-16F7-4668-BE54-9A1E7A4F7556}") = "Tools.Test", "Tools.Test\Tools.Test.csproj", "{9D2D6C83-C96A-40CB-88F3-0EC654B8DA3A}"
EndProject
Global
	GlobalSection(SolutionConfigurationPlatforms) = preSolution
		Debug|Any CPU = Debug|Any CPU
		Release|Any CPU = Release|Any CPU
	EndGlobalSection
	GlobalSection(ProjectConfigurationPlatforms) = postSolution
		{EEC54200-5237-4427-9E2E-87EF5D1CC7CE}.Debug|Any CPU.ActiveCfg = Debug|Any CPU
		{EEC54200-5237-4427-9E2E-87EF5D1CC7CE}.Debug|Any CPU.Build.0 = Debug|Any CPU
		{EEC54200-5237-4427-9E2E-87EF5D1CC7CE}.Release|Any CPU.ActiveCfg = Release|Any CPU
		{EEC54200-5237-4427-9E2E-87EF5D1CC7CE}.Release|Any CPU.Build.0 = Release|Any CPU
		{9D2D6C83-C96A-40CB-88F3-0EC654B8DA3A}.Debug|Any CPU.ActiveCfg = Debug|Any CPU
		{9D2D6C83-C96A-40CB-88F3-0EC654B8DA3A}.Debug|Any CPU.Build.0 = Debug|Any CPU
		{9D2D6C83-C96A-40CB-88F3-0EC654B8DA3A}.Release|Any CPU.ActiveCfg = Release|Any CPU
		{9D2D6C83-C96A-40CB-88F3-0EC654B8DA3A}.Release|Any CPU.Build.0 = Release|Any CPU
	EndGlobalSection
	GlobalSection(SolutionProperties) = preSolution
		HideSolutionNode = FALSE
	EndGlobalSection
	GlobalSection(ExtensibilityGlobals) = postSolution
		SolutionGuid = {E4BCF280-ED25-4146-B493-60F0099A85C6}
	EndGlobalSection
EndGlobal
