
Microsoft Visual Studio Solution File, Format Version 12.00
# Visual Studio 15
VisualStudioVersion = 15.0.26228.12
MinimumVisualStudioVersion = 10.0.40219.1
Project("{FAE04EC0-301F-11D3-BF4B-00C04F79EFBC}") = "Tools.Test", "Tools.Test\Tools.Test.csproj", "{2749213D-98C4-48DF-AA98-E52BE323F593}"
EndProject
Project("{9A19103F-16F7-4668-BE54-9A1E7A4F7556}") = "Tools", "Tools\Tools.csproj", "{EEC54200-5237-4427-9E2E-87EF5D1CC7CE}"
EndProject
Global
	GlobalSection(SolutionConfigurationPlatforms) = preSolution
		Debug|Any CPU = Debug|Any CPU
		Release|Any CPU = Release|Any CPU
	EndGlobalSection
	GlobalSection(ProjectConfigurationPlatforms) = postSolution
		{2749213D-98C4-48DF-AA98-E52BE323F593}.Debug|Any CPU.ActiveCfg = Debug|Any CPU
		{2749213D-98C4-48DF-AA98-E52BE323F593}.Debug|Any CPU.Build.0 = Debug|Any CPU
		{2749213D-98C4-48DF-AA98-E52BE323F593}.Release|Any CPU.ActiveCfg = Release|Any CPU
		{2749213D-98C4-48DF-AA98-E52BE323F593}.Release|Any CPU.Build.0 = Release|Any CPU
		{EEC54200-5237-4427-9E2E-87EF5D1CC7CE}.Debug|Any CPU.ActiveCfg = Debug|Any CPU
		{EEC54200-5237-4427-9E2E-87EF5D1CC7CE}.Debug|Any CPU.Build.0 = Debug|Any CPU
		{EEC54200-5237-4427-9E2E-87EF5D1CC7CE}.Release|Any CPU.ActiveCfg = Release|Any CPU
		{EEC54200-5237-4427-9E2E-87EF5D1CC7CE}.Release|Any CPU.Build.0 = Release|Any CPU
	EndGlobalSection
	GlobalSection(SolutionProperties) = preSolution
		HideSolutionNode = FALSE
	EndGlobalSection
EndGlobal
